{
  "name": "plotter-control",
  "lockfileVersion": 2,
  "requires": true,
  "packages": {
    "": {
      "devDependencies": {
        "elm-ffi": "github:pravdomil/elm-ffi",
        "elm-ffi-browser": "github:pravdomil/elm-ffi-browser",
        "elm-utils": "github:pravdomil/elm-utils",
        "pravdomil-ui": "github:pravdomil/pravdomil-ui"
      }
    },
    "node_modules/elm-ffi": {
      "resolved": "git+ssh://git@github.com/pravdomil/elm-ffi.git#60ef7d600e8b900f48c48b2901bb8b490e1433a8",
      "dev": true,
      "bin": {
        "elm-ffi": "bin/elm-ffi"
      }
    },
    "node_modules/elm-ffi-browser": {
      "resolved": "git+ssh://git@github.com/pravdomil/elm-ffi-browser.git#48341efc8319650a39673636d3f3350fa08f2fda",
      "dev": true
    },
    "node_modules/elm-utils": {
      "resolved": "git+ssh://git@github.com/pravdomil/elm-utils.git#568e95b7c5bdcba79f066904249400d9fd4c018e",
      "dev": true
    },
    "node_modules/pravdomil-ui": {
      "resolved": "git+ssh://git@github.com/pravdomil/pravdomil-ui.git#0ddb89d0d37b7f809181d26d5700f98a965ad86c",
      "dev": true
    }
  },
  "dependencies": {
    "elm-ffi": {
      "version": "git+ssh://git@github.com/pravdomil/elm-ffi.git#60ef7d600e8b900f48c48b2901bb8b490e1433a8",
      "dev": true,
      "from": "elm-ffi@github:pravdomil/elm-ffi"
    },
    "elm-ffi-browser": {
      "version": "git+ssh://git@github.com/pravdomil/elm-ffi-browser.git#48341efc8319650a39673636d3f3350fa08f2fda",
      "dev": true,
      "from": "elm-ffi-browser@github:pravdomil/elm-ffi-browser"
    },
    "elm-utils": {
      "version": "git+ssh://git@github.com/pravdomil/elm-utils.git#568e95b7c5bdcba79f066904249400d9fd4c018e",
      "dev": true,
      "from": "elm-utils@github:pravdomil/elm-utils"
    },
    "pravdomil-ui": {
      "version": "git+ssh://git@github.com/pravdomil/pravdomil-ui.git#0ddb89d0d37b7f809181d26d5700f98a965ad86c",
      "dev": true,
      "from": "pravdomil-ui@github:pravdomil/pravdomil-ui"
    }
  }
}
