{
  "name": "plotter-control",
  "lockfileVersion": 2,
  "requires": true,
  "packages": {
    "": {
      "devDependencies": {
        "elm-ffi": "github:pravdomil/elm-ffi",
        "elm-ffi-browser": "github:pravdomil/elm-ffi-browser",
        "elm-utils": "github:pravdomil/elm-utils",
        "pravdomil-ui": "github:pravdomil/pravdomil-ui"
      }
    },
    "node_modules/elm-ffi": {
      "resolved": "git+ssh://git@github.com/pravdomil/elm-ffi.git#63c78c50b37eed0834dc61b58aa3ff1dc958bcdc",
      "dev": true,
      "bin": {
        "elm-ffi": "bin/elm-ffi"
      }
    },
    "node_modules/elm-ffi-browser": {
      "resolved": "git+ssh://git@github.com/pravdomil/elm-ffi-browser.git#049adc642662c1035e08f215f3e32017a97c68ed",
      "dev": true
    },
    "node_modules/elm-utils": {
      "resolved": "git+ssh://git@github.com/pravdomil/elm-utils.git#e0a37a877cffc8f5fe021686998fd35e9eda48fc",
      "dev": true
    },
    "node_modules/pravdomil-ui": {
      "resolved": "git+ssh://git@github.com/pravdomil/pravdomil-ui.git#e7a6e447b88d60965da9541d30dcfe352f9d2395",
      "dev": true
    }
  },
  "dependencies": {
    "elm-ffi": {
      "version": "git+ssh://git@github.com/pravdomil/elm-ffi.git#63c78c50b37eed0834dc61b58aa3ff1dc958bcdc",
      "dev": true,
      "from": "elm-ffi@github:pravdomil/elm-ffi"
    },
    "elm-ffi-browser": {
      "version": "git+ssh://git@github.com/pravdomil/elm-ffi-browser.git#049adc642662c1035e08f215f3e32017a97c68ed",
      "dev": true,
      "from": "elm-ffi-browser@github:pravdomil/elm-ffi-browser"
    },
    "elm-utils": {
      "version": "git+ssh://git@github.com/pravdomil/elm-utils.git#e0a37a877cffc8f5fe021686998fd35e9eda48fc",
      "dev": true,
      "from": "elm-utils@github:pravdomil/elm-utils"
    },
    "pravdomil-ui": {
      "version": "git+ssh://git@github.com/pravdomil/pravdomil-ui.git#e7a6e447b88d60965da9541d30dcfe352f9d2395",
      "dev": true,
      "from": "pravdomil-ui@github:pravdomil/pravdomil-ui"
    }
  }
}
