{
  "name": "plotter-control",
  "lockfileVersion": 2,
  "requires": true,
  "packages": {
    "": {
      "devDependencies": {
        "elm-ffi": "github:pravdomil/elm-ffi",
        "elm-ffi-browser": "github:pravdomil/elm-ffi-browser",
        "elm-utils": "github:pravdomil/elm-utils",
        "pravdomil-ui": "github:pravdomil/pravdomil-ui"
      }
    },
    "node_modules/elm-ffi": {
      "resolved": "git+ssh://git@github.com/pravdomil/elm-ffi.git#63c78c50b37eed0834dc61b58aa3ff1dc958bcdc",
      "dev": true,
      "bin": {
        "elm-ffi": "bin/elm-ffi"
      }
    },
    "node_modules/elm-ffi-browser": {
      "resolved": "git+ssh://git@github.com/pravdomil/elm-ffi-browser.git#fcab65eadd0f818896bdcde9873654824922895c",
      "dev": true
    },
    "node_modules/elm-utils": {
      "resolved": "git+ssh://git@github.com/pravdomil/elm-utils.git#883850c9a8ed4b6d02e9c3e788d836169e65516d",
      "dev": true
    },
    "node_modules/pravdomil-ui": {
      "resolved": "git+ssh://git@github.com/pravdomil/pravdomil-ui.git#1f4bff91effca00b7edbb110eb51b68d544fe90b",
      "dev": true
    }
  },
  "dependencies": {
    "elm-ffi": {
      "version": "git+ssh://git@github.com/pravdomil/elm-ffi.git#63c78c50b37eed0834dc61b58aa3ff1dc958bcdc",
      "dev": true,
      "from": "elm-ffi@github:pravdomil/elm-ffi"
    },
    "elm-ffi-browser": {
      "version": "git+ssh://git@github.com/pravdomil/elm-ffi-browser.git#fcab65eadd0f818896bdcde9873654824922895c",
      "dev": true,
      "from": "elm-ffi-browser@github:pravdomil/elm-ffi-browser"
    },
    "elm-utils": {
      "version": "git+ssh://git@github.com/pravdomil/elm-utils.git#883850c9a8ed4b6d02e9c3e788d836169e65516d",
      "dev": true,
      "from": "elm-utils@github:pravdomil/elm-utils"
    },
    "pravdomil-ui": {
      "version": "git+ssh://git@github.com/pravdomil/pravdomil-ui.git#1f4bff91effca00b7edbb110eb51b68d544fe90b",
      "dev": true,
      "from": "pravdomil-ui@github:pravdomil/pravdomil-ui"
    }
  }
}
